
Microsoft Visual Studio Solution File, Format Version 12.00
# Visual Studio Version 16
VisualStudioVersion = 16.0.30711.63
MinimumVisualStudioVersion = 10.0.40219.1
Project("{9A19103F-16F7-4668-BE54-9A1E7A4F7556}") = "BluetoothWpf", "BluetoothWpf\BluetoothWpf.csproj", "{661D8D50-AE0B-46FD-A34A-C92C46290456}"
EndProject
Project("{FAE04EC0-301F-11D3-BF4B-00C04F79EFBC}") = "BluetoothWpfTests", "BluetoothWpfTests\BluetoothWpfTests.csproj", "{58FCC9D1-93FD-4829-848E-60C71654C733}"
EndProject
Global
	GlobalSection(SolutionConfigurationPlatforms) = preSolution
		Debug|Any CPU = Debug|Any CPU
		Release|Any CPU = Release|Any CPU
	EndGlobalSection
	GlobalSection(ProjectConfigurationPlatforms) = postSolution
		{661D8D50-AE0B-46FD-A34A-C92C46290456}.Debug|Any CPU.ActiveCfg = Debug|Any CPU
		{661D8D50-AE0B-46FD-A34A-C92C46290456}.Debug|Any CPU.Build.0 = Debug|Any CPU
		{661D8D50-AE0B-46FD-A34A-C92C46290456}.Release|Any CPU.ActiveCfg = Release|Any CPU
		{661D8D50-AE0B-46FD-A34A-C92C46290456}.Release|Any CPU.Build.0 = Release|Any CPU
		{58FCC9D1-93FD-4829-848E-60C71654C733}.Debug|Any CPU.ActiveCfg = Debug|Any CPU
		{58FCC9D1-93FD-4829-848E-60C71654C733}.Debug|Any CPU.Build.0 = Debug|Any CPU
		{58FCC9D1-93FD-4829-848E-60C71654C733}.Release|Any CPU.ActiveCfg = Release|Any CPU
		{58FCC9D1-93FD-4829-848E-60C71654C733}.Release|Any CPU.Build.0 = Release|Any CPU
	EndGlobalSection
	GlobalSection(SolutionProperties) = preSolution
		HideSolutionNode = FALSE
	EndGlobalSection
	GlobalSection(ExtensibilityGlobals) = postSolution
		SolutionGuid = {397796FA-DE32-4740-BCFF-DA7F77BC6B1F}
	EndGlobalSection
EndGlobal
